
Microsoft Visual Studio Solution File, Format Version 12.00
Project("{FAE04EC0-301F-11D3-BF4B-00C04F79EFBC}") = "aoc10", "aoc10.csproj", "{8107B0AF-AB89-4206-A26C-48751CBD47E4}"
EndProject
Global
	GlobalSection(SolutionConfigurationPlatforms) = preSolution
		Debug|Any CPU = Debug|Any CPU
		Release|Any CPU = Release|Any CPU
	EndGlobalSection
	GlobalSection(ProjectConfigurationPlatforms) = postSolution
		{8107B0AF-AB89-4206-A26C-48751CBD47E4}.Debug|Any CPU.ActiveCfg = Debug|Any CPU
		{8107B0AF-AB89-4206-A26C-48751CBD47E4}.Debug|Any CPU.Build.0 = Debug|Any CPU
		{8107B0AF-AB89-4206-A26C-48751CBD47E4}.Release|Any CPU.ActiveCfg = Release|Any CPU
		{8107B0AF-AB89-4206-A26C-48751CBD47E4}.Release|Any CPU.Build.0 = Release|Any CPU
	EndGlobalSection
EndGlobal
